
Microsoft Visual Studio Solution File, Format Version 12.00
# Visual Studio Version 17
VisualStudioVersion = 17.0.31903.59
MinimumVisualStudioVersion = 10.0.40219.1
Project("{FAE04EC0-301F-11D3-BF4B-00C04F79EFBC}") = "SADZFP", "SADZFP.domain\SADZFP.csproj", "{41520A12-CE51-4AEF-ADB4-F8A6C3C9BF43}"
EndProject
Project("{FAE04EC0-301F-11D3-BF4B-00C04F79EFBC}") = "SADZFP.Api", "SADZFP.Api\SADZFP.Api.csproj", "{AAD84940-09EB-41EC-B9DE-02CFBA1A1918}"
EndProject
Project("{FAE04EC0-301F-11D3-BF4B-00C04F79EFBC}") = "SADZFP.Data", "SADZFP.Data\SADZFP.Data.csproj", "{EDDAA8B5-63E7-4A80-8440-497A4B49C99D}"
EndProject
Global
	GlobalSection(SolutionConfigurationPlatforms) = preSolution
		Debug|Any CPU = Debug|Any CPU
		Release|Any CPU = Release|Any CPU
	EndGlobalSection
	GlobalSection(SolutionProperties) = preSolution
		HideSolutionNode = FALSE
	EndGlobalSection
	GlobalSection(ProjectConfigurationPlatforms) = postSolution
		{41520A12-CE51-4AEF-ADB4-F8A6C3C9BF43}.Debug|Any CPU.ActiveCfg = Debug|Any CPU
		{41520A12-CE51-4AEF-ADB4-F8A6C3C9BF43}.Debug|Any CPU.Build.0 = Debug|Any CPU
		{41520A12-CE51-4AEF-ADB4-F8A6C3C9BF43}.Release|Any CPU.ActiveCfg = Release|Any CPU
		{41520A12-CE51-4AEF-ADB4-F8A6C3C9BF43}.Release|Any CPU.Build.0 = Release|Any CPU
		{AAD84940-09EB-41EC-B9DE-02CFBA1A1918}.Debug|Any CPU.ActiveCfg = Debug|Any CPU
		{AAD84940-09EB-41EC-B9DE-02CFBA1A1918}.Debug|Any CPU.Build.0 = Debug|Any CPU
		{AAD84940-09EB-41EC-B9DE-02CFBA1A1918}.Release|Any CPU.ActiveCfg = Release|Any CPU
		{AAD84940-09EB-41EC-B9DE-02CFBA1A1918}.Release|Any CPU.Build.0 = Release|Any CPU
		{EDDAA8B5-63E7-4A80-8440-497A4B49C99D}.Debug|Any CPU.ActiveCfg = Debug|Any CPU
		{EDDAA8B5-63E7-4A80-8440-497A4B49C99D}.Debug|Any CPU.Build.0 = Debug|Any CPU
		{EDDAA8B5-63E7-4A80-8440-497A4B49C99D}.Release|Any CPU.ActiveCfg = Release|Any CPU
		{EDDAA8B5-63E7-4A80-8440-497A4B49C99D}.Release|Any CPU.Build.0 = Release|Any CPU
	EndGlobalSection
EndGlobal
